// !$*UTF8*$!
{
	archiveVersion = 1;
	classes = {
	};
	objectVersion = 54;
	objects = {

/* Begin PBXBuildFile section */
		00E356F31AD99517003FC87E /* MyProject2Tests.m in Sources */ = {isa = PBXBuildFile; fileRef = 00E356F21AD99517003FC87E /* MyProject2Tests.m */; };
		0C80B921A6F3F58F76C31292 /* libPods-MyProject2.a in Frameworks */ = {isa = PBXBuildFile; fileRef = 5DCACB8F33CDC322A6C60F78 /* libPods-MyProject2.a */; };
		13B07FBC1A68108700A75B9A /* AppDelegate.mm in Sources */ = {isa = PBXBuildFile; fileRef = 13B07FB01A68108700A75B9A /* AppDelegate.mm */; };
		13B07FBF1A68108700A75B9A /* Images.xcassets in Resources */ = {isa = PBXBuildFile; fileRef = 13B07FB51A68108700A75B9A /* Images.xcassets */; };
		13B07FC11A68108700A75B9A /* main.m in Sources */ = {isa = PBXBuildFile; fileRef = 13B07FB71A68108700A75B9A /* main.m */; };
		7699B88040F8A987B510C191 /* libPods-MyProject2-MyProject2Tests.a in Frameworks */ = {isa = PBXBuildFile; fileRef = 19F6CBCC0A4E27FBF8BF4A61 /* libPods-MyProject2-MyProject2Tests.a */; };
		81AB9BB82411601600AC10FF /* LaunchScreen.storyboard in Resources */ = {isa = PBXBuildFile; fileRef = 81AB9BB72411601600AC10FF /* LaunchScreen.storyboard */; };
		880A772C689146F3A0F394B0 /* KCC-Ganpan.otf in Resources */ = {isa = PBXBuildFile; fileRef = B34521830A544584A2D301F8 /* KCC-Ganpan.otf */; };
		7BEEC7875F464531AB1B6C6B /* Inter-Italic-VariableFont_opsz,wght.ttf in Resources */ = {isa = PBXBuildFile; fileRef = 43E29263A8734E3CA76C5744 /* Inter-Italic-VariableFont_opsz,wght.ttf */; };
		7897A6C824C0426E8339BEE0 /* Inter-VariableFont_opsz,wght.ttf in Resources */ = {isa = PBXBuildFile; fileRef = 39CC1CAFAB70417186FF40C1 /* Inter-VariableFont_opsz,wght.ttf */; };
		901EA50D353C4396B445C9F5 /* Inter_18pt-Black.ttf in Resources */ = {isa = PBXBuildFile; fileRef = 4023EDE64DC14E0193B3B912 /* Inter_18pt-Black.ttf */; };
		65993BFB47D748D7A1B1CC23 /* Inter_18pt-BlackItalic.ttf in Resources */ = {isa = PBXBuildFile; fileRef = EA07D59595E64F578B4A38F7 /* Inter_18pt-BlackItalic.ttf */; };
		6526B128D3AA419DBD51FD9A /* Inter_18pt-Bold.ttf in Resources */ = {isa = PBXBuildFile; fileRef = 86F7A2FF495F416EAD9333C3 /* Inter_18pt-Bold.ttf */; };
		135D2747AC00470FA0BF3C86 /* Inter_18pt-BoldItalic.ttf in Resources */ = {isa = PBXBuildFile; fileRef = 5C3EC4535AF34A0293B18162 /* Inter_18pt-BoldItalic.ttf */; };
		42F220E7938641CDA639DE5E /* Inter_18pt-ExtraBold.ttf in Resources */ = {isa = PBXBuildFile; fileRef = 37DB981C959746DC8A56BC28 /* Inter_18pt-ExtraBold.ttf */; };
		230349A0643C47EBA174A126 /* Inter_18pt-ExtraBoldItalic.ttf in Resources */ = {isa = PBXBuildFile; fileRef = 85D27A24A50E413AB2EF6693 /* Inter_18pt-ExtraBoldItalic.ttf */; };
		A509A9BC60FF453C8C7B9852 /* Inter_18pt-ExtraLight.ttf in Resources */ = {isa = PBXBuildFile; fileRef = 56027C0561484F8F9D498309 /* Inter_18pt-ExtraLight.ttf */; };
		95B0807FD6C24985B0E2741A /* Inter_18pt-ExtraLightItalic.ttf in Resources */ = {isa = PBXBuildFile; fileRef = A6FD17A32A384185AF71F95B /* Inter_18pt-ExtraLightItalic.ttf */; };
		8945A4A9113A463A9A5E5569 /* Inter_18pt-Italic.ttf in Resources */ = {isa = PBXBuildFile; fileRef = BAED42048522414DA23EC232 /* Inter_18pt-Italic.ttf */; };
		D155E4FF5BBA4DE395950CD2 /* Inter_18pt-Light.ttf in Resources */ = {isa = PBXBuildFile; fileRef = BBC58D92D50943CBB9156702 /* Inter_18pt-Light.ttf */; };
		5DE0941FB6864793BC4FCFE0 /* Inter_18pt-LightItalic.ttf in Resources */ = {isa = PBXBuildFile; fileRef = 8BEC6AFC5B324E4D8F64752D /* Inter_18pt-LightItalic.ttf */; };
		1628E35C57A94BDE9BF32850 /* Inter_18pt-Medium.ttf in Resources */ = {isa = PBXBuildFile; fileRef = 1471476BEA0045DD938B42C6 /* Inter_18pt-Medium.ttf */; };
		3C1987EF028B48A3901CF231 /* Inter_18pt-MediumItalic.ttf in Resources */ = {isa = PBXBuildFile; fileRef = 602704BAADAC44CA8A5F80E0 /* Inter_18pt-MediumItalic.ttf */; };
		107CF8DFF8B74D548BE43F91 /* Inter_18pt-Regular.ttf in Resources */ = {isa = PBXBuildFile; fileRef = C9BE2075FE8C42558F897E2D /* Inter_18pt-Regular.ttf */; };
		BD30F4FDBC3244CEBE5B903F /* Inter_18pt-SemiBold.ttf in Resources */ = {isa = PBXBuildFile; fileRef = 205A3D375C854A13AB8260FF /* Inter_18pt-SemiBold.ttf */; };
		B6212ABA9EBC425D8EF50F84 /* Inter_18pt-SemiBoldItalic.ttf in Resources */ = {isa = PBXBuildFile; fileRef = 7DF550AAF6AD4F9EAAF4C950 /* Inter_18pt-SemiBoldItalic.ttf */; };
		0E38549AFFCD460C8B41CE4E /* Inter_18pt-Thin.ttf in Resources */ = {isa = PBXBuildFile; fileRef = 3EE8D6C43ED443E5A6FF4FA1 /* Inter_18pt-Thin.ttf */; };
		7E691F41AD764FF3B4BAE590 /* Inter_18pt-ThinItalic.ttf in Resources */ = {isa = PBXBuildFile; fileRef = CED5CDCD900147288513E6AF /* Inter_18pt-ThinItalic.ttf */; };
		C784E367F81E44958EDA3BA2 /* Inter_24pt-Black.ttf in Resources */ = {isa = PBXBuildFile; fileRef = 25C26F4594694EB7BF703393 /* Inter_24pt-Black.ttf */; };
		E9C769B7E26F4766A87ACD0C /* Inter_24pt-BlackItalic.ttf in Resources */ = {isa = PBXBuildFile; fileRef = D41070C23ECD4070A6F681FC /* Inter_24pt-BlackItalic.ttf */; };
		F8C3EA6D68714D949B7346DA /* Inter_24pt-Bold.ttf in Resources */ = {isa = PBXBuildFile; fileRef = 954AF463C85B4BEFB8E6DC43 /* Inter_24pt-Bold.ttf */; };
		0207181E3876456BBB6A3851 /* Inter_24pt-BoldItalic.ttf in Resources */ = {isa = PBXBuildFile; fileRef = 4E894477DB9F4B51A6F88C12 /* Inter_24pt-BoldItalic.ttf */; };
		E0195A8D0D054F309A4430DF /* Inter_24pt-ExtraBold.ttf in Resources */ = {isa = PBXBuildFile; fileRef = C9E05CACAC544753AA4E36E1 /* Inter_24pt-ExtraBold.ttf */; };
		9821ED38119747B2A6270174 /* Inter_24pt-ExtraBoldItalic.ttf in Resources */ = {isa = PBXBuildFile; fileRef = 995041037B0B412FBB5C231F /* Inter_24pt-ExtraBoldItalic.ttf */; };
		66C5901065314C5FA0776881 /* Inter_24pt-ExtraLight.ttf in Resources */ = {isa = PBXBuildFile; fileRef = BD5198E555DC48CFB0E71898 /* Inter_24pt-ExtraLight.ttf */; };
		EB3CFE02E1F74A6493295B50 /* Inter_24pt-ExtraLightItalic.ttf in Resources */ = {isa = PBXBuildFile; fileRef = 17434B1BBB4B481FA5A8B54A /* Inter_24pt-ExtraLightItalic.ttf */; };
		A9EDAB8AD8024180AE5EF078 /* Inter_24pt-Italic.ttf in Resources */ = {isa = PBXBuildFile; fileRef = 6453D5C7678347F293CD751E /* Inter_24pt-Italic.ttf */; };
		9F9374874C0E40C298B91E42 /* Inter_24pt-Light.ttf in Resources */ = {isa = PBXBuildFile; fileRef = 9E207B9213FB4820BDC0DE59 /* Inter_24pt-Light.ttf */; };
		17017CF4A6A04D128D46331E /* Inter_24pt-LightItalic.ttf in Resources */ = {isa = PBXBuildFile; fileRef = B12A5965C8114D27A264A400 /* Inter_24pt-LightItalic.ttf */; };
		EA3C3D3346D6470FAB8C1D3C /* Inter_24pt-Medium.ttf in Resources */ = {isa = PBXBuildFile; fileRef = 6352A427FF584E9C9A95356C /* Inter_24pt-Medium.ttf */; };
		A404DC913F6E4297B25590B6 /* Inter_24pt-MediumItalic.ttf in Resources */ = {isa = PBXBuildFile; fileRef = A0E9F8BC9F8A41C1A6503511 /* Inter_24pt-MediumItalic.ttf */; };
		DBA972A392F54FDEBE5BAE1E /* Inter_24pt-Regular.ttf in Resources */ = {isa = PBXBuildFile; fileRef = 14B7712C399048B6A2CD2660 /* Inter_24pt-Regular.ttf */; };
		D9298A9EC9E1413CA7D7FD03 /* Inter_24pt-SemiBold.ttf in Resources */ = {isa = PBXBuildFile; fileRef = 0ABA657EC41F4DD5B5F131DD /* Inter_24pt-SemiBold.ttf */; };
		C2447D95478E4167A20A6C42 /* Inter_24pt-SemiBoldItalic.ttf in Resources */ = {isa = PBXBuildFile; fileRef = FEE482A679B84C4AA3071AF4 /* Inter_24pt-SemiBoldItalic.ttf */; };
		0E22A4119000439F9A565391 /* Inter_24pt-Thin.ttf in Resources */ = {isa = PBXBuildFile; fileRef = 29DCF3EEDE474520ADEA933B /* Inter_24pt-Thin.ttf */; };
		3D82718E00934A15B68133A9 /* Inter_24pt-ThinItalic.ttf in Resources */ = {isa = PBXBuildFile; fileRef = CBF43B60F5C24B6D92C64B1C /* Inter_24pt-ThinItalic.ttf */; };
		EAAA091E08A74FE99552DCD6 /* Inter_28pt-Black.ttf in Resources */ = {isa = PBXBuildFile; fileRef = 2F9325177CAE4FB8B7A8E37E /* Inter_28pt-Black.ttf */; };
		847854147A5E4D39B346D513 /* Inter_28pt-BlackItalic.ttf in Resources */ = {isa = PBXBuildFile; fileRef = 22DE7F5C758D443EB91C83FE /* Inter_28pt-BlackItalic.ttf */; };
		C33D0ED0BED0435EA780112A /* Inter_28pt-Bold.ttf in Resources */ = {isa = PBXBuildFile; fileRef = 28A4F46C0B354D50AE879C0C /* Inter_28pt-Bold.ttf */; };
		16C45275CECB47E38D2B36C3 /* Inter_28pt-BoldItalic.ttf in Resources */ = {isa = PBXBuildFile; fileRef = 5EC2BAA2EB014494BEFB4F42 /* Inter_28pt-BoldItalic.ttf */; };
		41E1E58A35684FE6923E70EA /* Inter_28pt-ExtraBold.ttf in Resources */ = {isa = PBXBuildFile; fileRef = DD9B74A437A341A7A9216A87 /* Inter_28pt-ExtraBold.ttf */; };
		F76274E3C58C4916A25E50FB /* Inter_28pt-ExtraBoldItalic.ttf in Resources */ = {isa = PBXBuildFile; fileRef = 1B683BCB3D7A40F9BF33425E /* Inter_28pt-ExtraBoldItalic.ttf */; };
		4494B386E39548DCA96F1B3C /* Inter_28pt-ExtraLight.ttf in Resources */ = {isa = PBXBuildFile; fileRef = 493E7ECD5EA942CEACA94B75 /* Inter_28pt-ExtraLight.ttf */; };
		60FE5B07180C4D918217F574 /* Inter_28pt-ExtraLightItalic.ttf in Resources */ = {isa = PBXBuildFile; fileRef = F5B47005F6144F40A16EBC35 /* Inter_28pt-ExtraLightItalic.ttf */; };
		4961704DC10A4F21885EDB90 /* Inter_28pt-Italic.ttf in Resources */ = {isa = PBXBuildFile; fileRef = A5C20F2A40FA44D1BE17232D /* Inter_28pt-Italic.ttf */; };
		86E995A71B3044BA9D1F46ED /* Inter_28pt-Light.ttf in Resources */ = {isa = PBXBuildFile; fileRef = C6171B5D9D1140778AE44291 /* Inter_28pt-Light.ttf */; };
		289443A7F3304045B92C77E9 /* Inter_28pt-LightItalic.ttf in Resources */ = {isa = PBXBuildFile; fileRef = A029D185130F49BCA5D50A95 /* Inter_28pt-LightItalic.ttf */; };
		C8E3FE1C4F40453384956558 /* Inter_28pt-Medium.ttf in Resources */ = {isa = PBXBuildFile; fileRef = 9DF9F98843EC4579AE2CFF97 /* Inter_28pt-Medium.ttf */; };
		9F237B3F331F4D8FA603BF9B /* Inter_28pt-MediumItalic.ttf in Resources */ = {isa = PBXBuildFile; fileRef = 5EBC0BF9174D40A0B54EB078 /* Inter_28pt-MediumItalic.ttf */; };
		72D0E1E631094B2D8747ECC6 /* Inter_28pt-Regular.ttf in Resources */ = {isa = PBXBuildFile; fileRef = BDAE014B79CA430A85150D4D /* Inter_28pt-Regular.ttf */; };
		1508111EC6DB4CFD8CC02EB9 /* Inter_28pt-SemiBold.ttf in Resources */ = {isa = PBXBuildFile; fileRef = 688E58F15A9E4F8585B5C740 /* Inter_28pt-SemiBold.ttf */; };
		7D6B5AB574444DA9AF8B0C69 /* Inter_28pt-SemiBoldItalic.ttf in Resources */ = {isa = PBXBuildFile; fileRef = 7443057907714DBBB1739E27 /* Inter_28pt-SemiBoldItalic.ttf */; };
		1D6F884D2112419ABEC8E63F /* Inter_28pt-Thin.ttf in Resources */ = {isa = PBXBuildFile; fileRef = EC81687537644D5BBCEB67E0 /* Inter_28pt-Thin.ttf */; };
		4521E5C35B4C4F4CAA43BD3C /* Inter_28pt-ThinItalic.ttf in Resources */ = {isa = PBXBuildFile; fileRef = ABB4E63DBAC349A9A4ED655A /* Inter_28pt-ThinItalic.ttf */; };
		9A39CC0AF03A492CB63FC9D2 /* Jua-Regular.ttf in Resources */ = {isa = PBXBuildFile; fileRef = D06AD40367EC42AB98B4B505 /* Jua-Regular.ttf */; };
		14261F45F6814AF5A31C49F9 /* KCC-Ganpan.ttf in Resources */ = {isa = PBXBuildFile; fileRef = 1B44C9AAA2864106AF9B4F0F /* KCC-Ganpan.ttf */; };
		5F5863D55B7E44A2A2678AFC /* OFL.txt in Resources */ = {isa = PBXBuildFile; fileRef = 5FC457601363454E90BC7A83 /* OFL.txt */; };
		53518B9334CE4903B16E8D02 /* README.txt in Resources */ = {isa = PBXBuildFile; fileRef = 8BF810E6A9FD4F1882C980B4 /* README.txt */; };
		256AD748BB1241BFBEA7DC30 /* KCC-Ganpan.otf:Zone.Identifier in Resources */ = {isa = PBXBuildFile; fileRef = 4EE402A7589B4FACBC7F8CC9 /* KCC-Ganpan.otf:Zone.Identifier */; };
		9C51A27ACB99495492A278D4 /* KCC-Ganpan.ttf:Zone.Identifier in Resources */ = {isa = PBXBuildFile; fileRef = 12F57957C5EF4C42941EB536 /* KCC-Ganpan.ttf:Zone.Identifier */; };
/* End PBXBuildFile section */

/* Begin PBXContainerItemProxy section */
		00E356F41AD99517003FC87E /* PBXContainerItemProxy */ = {
			isa = PBXContainerItemProxy;
			containerPortal = 83CBB9F71A601CBA00E9B192 /* Project object */;
			proxyType = 1;
			remoteGlobalIDString = 13B07F861A680F5B00A75B9A;
			remoteInfo = MyProject2;
		};
/* End PBXContainerItemProxy section */

/* Begin PBXFileReference section */
		00E356EE1AD99517003FC87E /* MyProject2Tests.xctest */ = {isa = PBXFileReference; explicitFileType = wrapper.cfbundle; includeInIndex = 0; path = MyProject2Tests.xctest; sourceTree = BUILT_PRODUCTS_DIR; };
		00E356F11AD99517003FC87E /* Info.plist */ = {isa = PBXFileReference; lastKnownFileType = text.plist.xml; path = Info.plist; sourceTree = "<group>"; };
		00E356F21AD99517003FC87E /* MyProject2Tests.m */ = {isa = PBXFileReference; lastKnownFileType = sourcecode.c.objc; path = MyProject2Tests.m; sourceTree = "<group>"; };
		13B07F961A680F5B00A75B9A /* MyProject2.app */ = {isa = PBXFileReference; explicitFileType = wrapper.application; includeInIndex = 0; path = MyProject2.app; sourceTree = BUILT_PRODUCTS_DIR; };
		13B07FAF1A68108700A75B9A /* AppDelegate.h */ = {isa = PBXFileReference; fileEncoding = 4; lastKnownFileType = sourcecode.c.h; name = AppDelegate.h; path = MyProject2/AppDelegate.h; sourceTree = "<group>"; };
		13B07FB01A68108700A75B9A /* AppDelegate.mm */ = {isa = PBXFileReference; fileEncoding = 4; lastKnownFileType = sourcecode.cpp.objcpp; name = AppDelegate.mm; path = MyProject2/AppDelegate.mm; sourceTree = "<group>"; };
		13B07FB51A68108700A75B9A /* Images.xcassets */ = {isa = PBXFileReference; lastKnownFileType = folder.assetcatalog; name = Images.xcassets; path = MyProject2/Images.xcassets; sourceTree = "<group>"; };
		13B07FB61A68108700A75B9A /* Info.plist */ = {isa = PBXFileReference; fileEncoding = 4; lastKnownFileType = text.plist.xml; name = Info.plist; path = MyProject2/Info.plist; sourceTree = "<group>"; };
		13B07FB71A68108700A75B9A /* main.m */ = {isa = PBXFileReference; fileEncoding = 4; lastKnownFileType = sourcecode.c.objc; name = main.m; path = MyProject2/main.m; sourceTree = "<group>"; };
		13B07FB81A68108700A75B9A /* PrivacyInfo.xcprivacy */ = {isa = PBXFileReference; fileEncoding = 4; lastKnownFileType = text.plist.xml; name = PrivacyInfo.xcprivacy; path = MyProject2/PrivacyInfo.xcprivacy; sourceTree = "<group>"; };
		19F6CBCC0A4E27FBF8BF4A61 /* libPods-MyProject2-MyProject2Tests.a */ = {isa = PBXFileReference; explicitFileType = archive.ar; includeInIndex = 0; path = "libPods-MyProject2-MyProject2Tests.a"; sourceTree = BUILT_PRODUCTS_DIR; };
		3B4392A12AC88292D35C810B /* Pods-MyProject2.debug.xcconfig */ = {isa = PBXFileReference; includeInIndex = 1; lastKnownFileType = text.xcconfig; name = "Pods-MyProject2.debug.xcconfig"; path = "Target Support Files/Pods-MyProject2/Pods-MyProject2.debug.xcconfig"; sourceTree = "<group>"; };
		5709B34CF0A7D63546082F79 /* Pods-MyProject2.release.xcconfig */ = {isa = PBXFileReference; includeInIndex = 1; lastKnownFileType = text.xcconfig; name = "Pods-MyProject2.release.xcconfig"; path = "Target Support Files/Pods-MyProject2/Pods-MyProject2.release.xcconfig"; sourceTree = "<group>"; };
		5B7EB9410499542E8C5724F5 /* Pods-MyProject2-MyProject2Tests.debug.xcconfig */ = {isa = PBXFileReference; includeInIndex = 1; lastKnownFileType = text.xcconfig; name = "Pods-MyProject2-MyProject2Tests.debug.xcconfig"; path = "Target Support Files/Pods-MyProject2-MyProject2Tests/Pods-MyProject2-MyProject2Tests.debug.xcconfig"; sourceTree = "<group>"; };
		5DCACB8F33CDC322A6C60F78 /* libPods-MyProject2.a */ = {isa = PBXFileReference; explicitFileType = archive.ar; includeInIndex = 0; path = "libPods-MyProject2.a"; sourceTree = BUILT_PRODUCTS_DIR; };
		81AB9BB72411601600AC10FF /* LaunchScreen.storyboard */ = {isa = PBXFileReference; fileEncoding = 4; lastKnownFileType = file.storyboard; name = LaunchScreen.storyboard; path = MyProject2/LaunchScreen.storyboard; sourceTree = "<group>"; };
		89C6BE57DB24E9ADA2F236DE /* Pods-MyProject2-MyProject2Tests.release.xcconfig */ = {isa = PBXFileReference; includeInIndex = 1; lastKnownFileType = text.xcconfig; name = "Pods-MyProject2-MyProject2Tests.release.xcconfig"; path = "Target Support Files/Pods-MyProject2-MyProject2Tests/Pods-MyProject2-MyProject2Tests.release.xcconfig"; sourceTree = "<group>"; };
		ED297162215061F000B7C4FE /* JavaScriptCore.framework */ = {isa = PBXFileReference; lastKnownFileType = wrapper.framework; name = JavaScriptCore.framework; path = System/Library/Frameworks/JavaScriptCore.framework; sourceTree = SDKROOT; };
		B34521830A544584A2D301F8 /* KCC-Ganpan.otf */ = {isa = PBXFileReference; name = "KCC-Ganpan.otf"; path = "../assets/fonts/KCC-Ganpan/KCC-Ganpan.otf"; sourceTree = "<group>"; fileEncoding = undefined; lastKnownFileType = unknown; explicitFileType = undefined; includeInIndex = 0; };
		43E29263A8734E3CA76C5744 /* Inter-Italic-VariableFont_opsz,wght.ttf */ = {isa = PBXFileReference; name = "Inter-Italic-VariableFont_opsz,wght.ttf"; path = "../assets/fonts/Inter/Inter-Italic-VariableFont_opsz,wght.ttf"; sourceTree = "<group>"; fileEncoding = undefined; lastKnownFileType = unknown; explicitFileType = undefined; includeInIndex = 0; };
		39CC1CAFAB70417186FF40C1 /* Inter-VariableFont_opsz,wght.ttf */ = {isa = PBXFileReference; name = "Inter-VariableFont_opsz,wght.ttf"; path = "../assets/fonts/Inter/Inter-VariableFont_opsz,wght.ttf"; sourceTree = "<group>"; fileEncoding = undefined; lastKnownFileType = unknown; explicitFileType = undefined; includeInIndex = 0; };
		4023EDE64DC14E0193B3B912 /* Inter_18pt-Black.ttf */ = {isa = PBXFileReference; name = "Inter_18pt-Black.ttf"; path = "../assets/fonts/Inter/static/Inter_18pt-Black.ttf"; sourceTree = "<group>"; fileEncoding = undefined; lastKnownFileType = unknown; explicitFileType = undefined; includeInIndex = 0; };
		EA07D59595E64F578B4A38F7 /* Inter_18pt-BlackItalic.ttf */ = {isa = PBXFileReference; name = "Inter_18pt-BlackItalic.ttf"; path = "../assets/fonts/Inter/static/Inter_18pt-BlackItalic.ttf"; sourceTree = "<group>"; fileEncoding = undefined; lastKnownFileType = unknown; explicitFileType = undefined; includeInIndex = 0; };
		86F7A2FF495F416EAD9333C3 /* Inter_18pt-Bold.ttf */ = {isa = PBXFileReference; name = "Inter_18pt-Bold.ttf"; path = "../assets/fonts/Inter/static/Inter_18pt-Bold.ttf"; sourceTree = "<group>"; fileEncoding = undefined; lastKnownFileType = unknown; explicitFileType = undefined; includeInIndex = 0; };
		5C3EC4535AF34A0293B18162 /* Inter_18pt-BoldItalic.ttf */ = {isa = PBXFileReference; name = "Inter_18pt-BoldItalic.ttf"; path = "../assets/fonts/Inter/static/Inter_18pt-BoldItalic.ttf"; sourceTree = "<group>"; fileEncoding = undefined; lastKnownFileType = unknown; explicitFileType = undefined; includeInIndex = 0; };
		37DB981C959746DC8A56BC28 /* Inter_18pt-ExtraBold.ttf */ = {isa = PBXFileReference; name = "Inter_18pt-ExtraBold.ttf"; path = "../assets/fonts/Inter/static/Inter_18pt-ExtraBold.ttf"; sourceTree = "<group>"; fileEncoding = undefined; lastKnownFileType = unknown; explicitFileType = undefined; includeInIndex = 0; };
		85D27A24A50E413AB2EF6693 /* Inter_18pt-ExtraBoldItalic.ttf */ = {isa = PBXFileReference; name = "Inter_18pt-ExtraBoldItalic.ttf"; path = "../assets/fonts/Inter/static/Inter_18pt-ExtraBoldItalic.ttf"; sourceTree = "<group>"; fileEncoding = undefined; lastKnownFileType = unknown; explicitFileType = undefined; includeInIndex = 0; };
		56027C0561484F8F9D498309 /* Inter_18pt-ExtraLight.ttf */ = {isa = PBXFileReference; name = "Inter_18pt-ExtraLight.ttf"; path = "../assets/fonts/Inter/static/Inter_18pt-ExtraLight.ttf"; sourceTree = "<group>"; fileEncoding = undefined; lastKnownFileType = unknown; explicitFileType = undefined; includeInIndex = 0; };
		A6FD17A32A384185AF71F95B /* Inter_18pt-ExtraLightItalic.ttf */ = {isa = PBXFileReference; name = "Inter_18pt-ExtraLightItalic.ttf"; path = "../assets/fonts/Inter/static/Inter_18pt-ExtraLightItalic.ttf"; sourceTree = "<group>"; fileEncoding = undefined; lastKnownFileType = unknown; explicitFileType = undefined; includeInIndex = 0; };
		BAED42048522414DA23EC232 /* Inter_18pt-Italic.ttf */ = {isa = PBXFileReference; name = "Inter_18pt-Italic.ttf"; path = "../assets/fonts/Inter/static/Inter_18pt-Italic.ttf"; sourceTree = "<group>"; fileEncoding = undefined; lastKnownFileType = unknown; explicitFileType = undefined; includeInIndex = 0; };
		BBC58D92D50943CBB9156702 /* Inter_18pt-Light.ttf */ = {isa = PBXFileReference; name = "Inter_18pt-Light.ttf"; path = "../assets/fonts/Inter/static/Inter_18pt-Light.ttf"; sourceTree = "<group>"; fileEncoding = undefined; lastKnownFileType = unknown; explicitFileType = undefined; includeInIndex = 0; };
		8BEC6AFC5B324E4D8F64752D /* Inter_18pt-LightItalic.ttf */ = {isa = PBXFileReference; name = "Inter_18pt-LightItalic.ttf"; path = "../assets/fonts/Inter/static/Inter_18pt-LightItalic.ttf"; sourceTree = "<group>"; fileEncoding = undefined; lastKnownFileType = unknown; explicitFileType = undefined; includeInIndex = 0; };
		1471476BEA0045DD938B42C6 /* Inter_18pt-Medium.ttf */ = {isa = PBXFileReference; name = "Inter_18pt-Medium.ttf"; path = "../assets/fonts/Inter/static/Inter_18pt-Medium.ttf"; sourceTree = "<group>"; fileEncoding = undefined; lastKnownFileType = unknown; explicitFileType = undefined; includeInIndex = 0; };
		602704BAADAC44CA8A5F80E0 /* Inter_18pt-MediumItalic.ttf */ = {isa = PBXFileReference; name = "Inter_18pt-MediumItalic.ttf"; path = "../assets/fonts/Inter/static/Inter_18pt-MediumItalic.ttf"; sourceTree = "<group>"; fileEncoding = undefined; lastKnownFileType = unknown; explicitFileType = undefined; includeInIndex = 0; };
		C9BE2075FE8C42558F897E2D /* Inter_18pt-Regular.ttf */ = {isa = PBXFileReference; name = "Inter_18pt-Regular.ttf"; path = "../assets/fonts/Inter/static/Inter_18pt-Regular.ttf"; sourceTree = "<group>"; fileEncoding = undefined; lastKnownFileType = unknown; explicitFileType = undefined; includeInIndex = 0; };
		205A3D375C854A13AB8260FF /* Inter_18pt-SemiBold.ttf */ = {isa = PBXFileReference; name = "Inter_18pt-SemiBold.ttf"; path = "../assets/fonts/Inter/static/Inter_18pt-SemiBold.ttf"; sourceTree = "<group>"; fileEncoding = undefined; lastKnownFileType = unknown; explicitFileType = undefined; includeInIndex = 0; };
		7DF550AAF6AD4F9EAAF4C950 /* Inter_18pt-SemiBoldItalic.ttf */ = {isa = PBXFileReference; name = "Inter_18pt-SemiBoldItalic.ttf"; path = "../assets/fonts/Inter/static/Inter_18pt-SemiBoldItalic.ttf"; sourceTree = "<group>"; fileEncoding = undefined; lastKnownFileType = unknown; explicitFileType = undefined; includeInIndex = 0; };
		3EE8D6C43ED443E5A6FF4FA1 /* Inter_18pt-Thin.ttf */ = {isa = PBXFileReference; name = "Inter_18pt-Thin.ttf"; path = "../assets/fonts/Inter/static/Inter_18pt-Thin.ttf"; sourceTree = "<group>"; fileEncoding = undefined; lastKnownFileType = unknown; explicitFileType = undefined; includeInIndex = 0; };
		CED5CDCD900147288513E6AF /* Inter_18pt-ThinItalic.ttf */ = {isa = PBXFileReference; name = "Inter_18pt-ThinItalic.ttf"; path = "../assets/fonts/Inter/static/Inter_18pt-ThinItalic.ttf"; sourceTree = "<group>"; fileEncoding = undefined; lastKnownFileType = unknown; explicitFileType = undefined; includeInIndex = 0; };
		25C26F4594694EB7BF703393 /* Inter_24pt-Black.ttf */ = {isa = PBXFileReference; name = "Inter_24pt-Black.ttf"; path = "../assets/fonts/Inter/static/Inter_24pt-Black.ttf"; sourceTree = "<group>"; fileEncoding = undefined; lastKnownFileType = unknown; explicitFileType = undefined; includeInIndex = 0; };
		D41070C23ECD4070A6F681FC /* Inter_24pt-BlackItalic.ttf */ = {isa = PBXFileReference; name = "Inter_24pt-BlackItalic.ttf"; path = "../assets/fonts/Inter/static/Inter_24pt-BlackItalic.ttf"; sourceTree = "<group>"; fileEncoding = undefined; lastKnownFileType = unknown; explicitFileType = undefined; includeInIndex = 0; };
		954AF463C85B4BEFB8E6DC43 /* Inter_24pt-Bold.ttf */ = {isa = PBXFileReference; name = "Inter_24pt-Bold.ttf"; path = "../assets/fonts/Inter/static/Inter_24pt-Bold.ttf"; sourceTree = "<group>"; fileEncoding = undefined; lastKnownFileType = unknown; explicitFileType = undefined; includeInIndex = 0; };
		4E894477DB9F4B51A6F88C12 /* Inter_24pt-BoldItalic.ttf */ = {isa = PBXFileReference; name = "Inter_24pt-BoldItalic.ttf"; path = "../assets/fonts/Inter/static/Inter_24pt-BoldItalic.ttf"; sourceTree = "<group>"; fileEncoding = undefined; lastKnownFileType = unknown; explicitFileType = undefined; includeInIndex = 0; };
		C9E05CACAC544753AA4E36E1 /* Inter_24pt-ExtraBold.ttf */ = {isa = PBXFileReference; name = "Inter_24pt-ExtraBold.ttf"; path = "../assets/fonts/Inter/static/Inter_24pt-ExtraBold.ttf"; sourceTree = "<group>"; fileEncoding = undefined; lastKnownFileType = unknown; explicitFileType = undefined; includeInIndex = 0; };
		995041037B0B412FBB5C231F /* Inter_24pt-ExtraBoldItalic.ttf */ = {isa = PBXFileReference; name = "Inter_24pt-ExtraBoldItalic.ttf"; path = "../assets/fonts/Inter/static/Inter_24pt-ExtraBoldItalic.ttf"; sourceTree = "<group>"; fileEncoding = undefined; lastKnownFileType = unknown; explicitFileType = undefined; includeInIndex = 0; };
		BD5198E555DC48CFB0E71898 /* Inter_24pt-ExtraLight.ttf */ = {isa = PBXFileReference; name = "Inter_24pt-ExtraLight.ttf"; path = "../assets/fonts/Inter/static/Inter_24pt-ExtraLight.ttf"; sourceTree = "<group>"; fileEncoding = undefined; lastKnownFileType = unknown; explicitFileType = undefined; includeInIndex = 0; };
		17434B1BBB4B481FA5A8B54A /* Inter_24pt-ExtraLightItalic.ttf */ = {isa = PBXFileReference; name = "Inter_24pt-ExtraLightItalic.ttf"; path = "../assets/fonts/Inter/static/Inter_24pt-ExtraLightItalic.ttf"; sourceTree = "<group>"; fileEncoding = undefined; lastKnownFileType = unknown; explicitFileType = undefined; includeInIndex = 0; };
		6453D5C7678347F293CD751E /* Inter_24pt-Italic.ttf */ = {isa = PBXFileReference; name = "Inter_24pt-Italic.ttf"; path = "../assets/fonts/Inter/static/Inter_24pt-Italic.ttf"; sourceTree = "<group>"; fileEncoding = undefined; lastKnownFileType = unknown; explicitFileType = undefined; includeInIndex = 0; };
		9E207B9213FB4820BDC0DE59 /* Inter_24pt-Light.ttf */ = {isa = PBXFileReference; name = "Inter_24pt-Light.ttf"; path = "../assets/fonts/Inter/static/Inter_24pt-Light.ttf"; sourceTree = "<group>"; fileEncoding = undefined; lastKnownFileType = unknown; explicitFileType = undefined; includeInIndex = 0; };
		B12A5965C8114D27A264A400 /* Inter_24pt-LightItalic.ttf */ = {isa = PBXFileReference; name = "Inter_24pt-LightItalic.ttf"; path = "../assets/fonts/Inter/static/Inter_24pt-LightItalic.ttf"; sourceTree = "<group>"; fileEncoding = undefined; lastKnownFileType = unknown; explicitFileType = undefined; includeInIndex = 0; };
		6352A427FF584E9C9A95356C /* Inter_24pt-Medium.ttf */ = {isa = PBXFileReference; name = "Inter_24pt-Medium.ttf"; path = "../assets/fonts/Inter/static/Inter_24pt-Medium.ttf"; sourceTree = "<group>"; fileEncoding = undefined; lastKnownFileType = unknown; explicitFileType = undefined; includeInIndex = 0; };
		A0E9F8BC9F8A41C1A6503511 /* Inter_24pt-MediumItalic.ttf */ = {isa = PBXFileReference; name = "Inter_24pt-MediumItalic.ttf"; path = "../assets/fonts/Inter/static/Inter_24pt-MediumItalic.ttf"; sourceTree = "<group>"; fileEncoding = undefined; lastKnownFileType = unknown; explicitFileType = undefined; includeInIndex = 0; };
		14B7712C399048B6A2CD2660 /* Inter_24pt-Regular.ttf */ = {isa = PBXFileReference; name = "Inter_24pt-Regular.ttf"; path = "../assets/fonts/Inter/static/Inter_24pt-Regular.ttf"; sourceTree = "<group>"; fileEncoding = undefined; lastKnownFileType = unknown; explicitFileType = undefined; includeInIndex = 0; };
		0ABA657EC41F4DD5B5F131DD /* Inter_24pt-SemiBold.ttf */ = {isa = PBXFileReference; name = "Inter_24pt-SemiBold.ttf"; path = "../assets/fonts/Inter/static/Inter_24pt-SemiBold.ttf"; sourceTree = "<group>"; fileEncoding = undefined; lastKnownFileType = unknown; explicitFileType = undefined; includeInIndex = 0; };
		FEE482A679B84C4AA3071AF4 /* Inter_24pt-SemiBoldItalic.ttf */ = {isa = PBXFileReference; name = "Inter_24pt-SemiBoldItalic.ttf"; path = "../assets/fonts/Inter/static/Inter_24pt-SemiBoldItalic.ttf"; sourceTree = "<group>"; fileEncoding = undefined; lastKnownFileType = unknown; explicitFileType = undefined; includeInIndex = 0; };
		29DCF3EEDE474520ADEA933B /* Inter_24pt-Thin.ttf */ = {isa = PBXFileReference; name = "Inter_24pt-Thin.ttf"; path = "../assets/fonts/Inter/static/Inter_24pt-Thin.ttf"; sourceTree = "<group>"; fileEncoding = undefined; lastKnownFileType = unknown; explicitFileType = undefined; includeInIndex = 0; };
		CBF43B60F5C24B6D92C64B1C /* Inter_24pt-ThinItalic.ttf */ = {isa = PBXFileReference; name = "Inter_24pt-ThinItalic.ttf"; path = "../assets/fonts/Inter/static/Inter_24pt-ThinItalic.ttf"; sourceTree = "<group>"; fileEncoding = undefined; lastKnownFileType = unknown; explicitFileType = undefined; includeInIndex = 0; };
		2F9325177CAE4FB8B7A8E37E /* Inter_28pt-Black.ttf */ = {isa = PBXFileReference; name = "Inter_28pt-Black.ttf"; path = "../assets/fonts/Inter/static/Inter_28pt-Black.ttf"; sourceTree = "<group>"; fileEncoding = undefined; lastKnownFileType = unknown; explicitFileType = undefined; includeInIndex = 0; };
		22DE7F5C758D443EB91C83FE /* Inter_28pt-BlackItalic.ttf */ = {isa = PBXFileReference; name = "Inter_28pt-BlackItalic.ttf"; path = "../assets/fonts/Inter/static/Inter_28pt-BlackItalic.ttf"; sourceTree = "<group>"; fileEncoding = undefined; lastKnownFileType = unknown; explicitFileType = undefined; includeInIndex = 0; };
		28A4F46C0B354D50AE879C0C /* Inter_28pt-Bold.ttf */ = {isa = PBXFileReference; name = "Inter_28pt-Bold.ttf"; path = "../assets/fonts/Inter/static/Inter_28pt-Bold.ttf"; sourceTree = "<group>"; fileEncoding = undefined; lastKnownFileType = unknown; explicitFileType = undefined; includeInIndex = 0; };
		5EC2BAA2EB014494BEFB4F42 /* Inter_28pt-BoldItalic.ttf */ = {isa = PBXFileReference; name = "Inter_28pt-BoldItalic.ttf"; path = "../assets/fonts/Inter/static/Inter_28pt-BoldItalic.ttf"; sourceTree = "<group>"; fileEncoding = undefined; lastKnownFileType = unknown; explicitFileType = undefined; includeInIndex = 0; };
		DD9B74A437A341A7A9216A87 /* Inter_28pt-ExtraBold.ttf */ = {isa = PBXFileReference; name = "Inter_28pt-ExtraBold.ttf"; path = "../assets/fonts/Inter/static/Inter_28pt-ExtraBold.ttf"; sourceTree = "<group>"; fileEncoding = undefined; lastKnownFileType = unknown; explicitFileType = undefined; includeInIndex = 0; };
		1B683BCB3D7A40F9BF33425E /* Inter_28pt-ExtraBoldItalic.ttf */ = {isa = PBXFileReference; name = "Inter_28pt-ExtraBoldItalic.ttf"; path = "../assets/fonts/Inter/static/Inter_28pt-ExtraBoldItalic.ttf"; sourceTree = "<group>"; fileEncoding = undefined; lastKnownFileType = unknown; explicitFileType = undefined; includeInIndex = 0; };
		493E7ECD5EA942CEACA94B75 /* Inter_28pt-ExtraLight.ttf */ = {isa = PBXFileReference; name = "Inter_28pt-ExtraLight.ttf"; path = "../assets/fonts/Inter/static/Inter_28pt-ExtraLight.ttf"; sourceTree = "<group>"; fileEncoding = undefined; lastKnownFileType = unknown; explicitFileType = undefined; includeInIndex = 0; };
		F5B47005F6144F40A16EBC35 /* Inter_28pt-ExtraLightItalic.ttf */ = {isa = PBXFileReference; name = "Inter_28pt-ExtraLightItalic.ttf"; path = "../assets/fonts/Inter/static/Inter_28pt-ExtraLightItalic.ttf"; sourceTree = "<group>"; fileEncoding = undefined; lastKnownFileType = unknown; explicitFileType = undefined; includeInIndex = 0; };
		A5C20F2A40FA44D1BE17232D /* Inter_28pt-Italic.ttf */ = {isa = PBXFileReference; name = "Inter_28pt-Italic.ttf"; path = "../assets/fonts/Inter/static/Inter_28pt-Italic.ttf"; sourceTree = "<group>"; fileEncoding = undefined; lastKnownFileType = unknown; explicitFileType = undefined; includeInIndex = 0; };
		C6171B5D9D1140778AE44291 /* Inter_28pt-Light.ttf */ = {isa = PBXFileReference; name = "Inter_28pt-Light.ttf"; path = "../assets/fonts/Inter/static/Inter_28pt-Light.ttf"; sourceTree = "<group>"; fileEncoding = undefined; lastKnownFileType = unknown; explicitFileType = undefined; includeInIndex = 0; };
		A029D185130F49BCA5D50A95 /* Inter_28pt-LightItalic.ttf */ = {isa = PBXFileReference; name = "Inter_28pt-LightItalic.ttf"; path = "../assets/fonts/Inter/static/Inter_28pt-LightItalic.ttf"; sourceTree = "<group>"; fileEncoding = undefined; lastKnownFileType = unknown; explicitFileType = undefined; includeInIndex = 0; };
		9DF9F98843EC4579AE2CFF97 /* Inter_28pt-Medium.ttf */ = {isa = PBXFileReference; name = "Inter_28pt-Medium.ttf"; path = "../assets/fonts/Inter/static/Inter_28pt-Medium.ttf"; sourceTree = "<group>"; fileEncoding = undefined; lastKnownFileType = unknown; explicitFileType = undefined; includeInIndex = 0; };
		5EBC0BF9174D40A0B54EB078 /* Inter_28pt-MediumItalic.ttf */ = {isa = PBXFileReference; name = "Inter_28pt-MediumItalic.ttf"; path = "../assets/fonts/Inter/static/Inter_28pt-MediumItalic.ttf"; sourceTree = "<group>"; fileEncoding = undefined; lastKnownFileType = unknown; explicitFileType = undefined; includeInIndex = 0; };
		BDAE014B79CA430A85150D4D /* Inter_28pt-Regular.ttf */ = {isa = PBXFileReference; name = "Inter_28pt-Regular.ttf"; path = "../assets/fonts/Inter/static/Inter_28pt-Regular.ttf"; sourceTree = "<group>"; fileEncoding = undefined; lastKnownFileType = unknown; explicitFileType = undefined; includeInIndex = 0; };
		688E58F15A9E4F8585B5C740 /* Inter_28pt-SemiBold.ttf */ = {isa = PBXFileReference; name = "Inter_28pt-SemiBold.ttf"; path = "../assets/fonts/Inter/static/Inter_28pt-SemiBold.ttf"; sourceTree = "<group>"; fileEncoding = undefined; lastKnownFileType = unknown; explicitFileType = undefined; includeInIndex = 0; };
		7443057907714DBBB1739E27 /* Inter_28pt-SemiBoldItalic.ttf */ = {isa = PBXFileReference; name = "Inter_28pt-SemiBoldItalic.ttf"; path = "../assets/fonts/Inter/static/Inter_28pt-SemiBoldItalic.ttf"; sourceTree = "<group>"; fileEncoding = undefined; lastKnownFileType = unknown; explicitFileType = undefined; includeInIndex = 0; };
		EC81687537644D5BBCEB67E0 /* Inter_28pt-Thin.ttf */ = {isa = PBXFileReference; name = "Inter_28pt-Thin.ttf"; path = "../assets/fonts/Inter/static/Inter_28pt-Thin.ttf"; sourceTree = "<group>"; fileEncoding = undefined; lastKnownFileType = unknown; explicitFileType = undefined; includeInIndex = 0; };
		ABB4E63DBAC349A9A4ED655A /* Inter_28pt-ThinItalic.ttf */ = {isa = PBXFileReference; name = "Inter_28pt-ThinItalic.ttf"; path = "../assets/fonts/Inter/static/Inter_28pt-ThinItalic.ttf"; sourceTree = "<group>"; fileEncoding = undefined; lastKnownFileType = unknown; explicitFileType = undefined; includeInIndex = 0; };
		D06AD40367EC42AB98B4B505 /* Jua-Regular.ttf */ = {isa = PBXFileReference; name = "Jua-Regular.ttf"; path = "../assets/fonts/Jua/Jua-Regular.ttf"; sourceTree = "<group>"; fileEncoding = undefined; lastKnownFileType = unknown; explicitFileType = undefined; includeInIndex = 0; };
		1B44C9AAA2864106AF9B4F0F /* KCC-Ganpan.ttf */ = {isa = PBXFileReference; name = "KCC-Ganpan.ttf"; path = "../assets/fonts/KCC-Ganpan/KCC-Ganpan.ttf"; sourceTree = "<group>"; fileEncoding = undefined; lastKnownFileType = unknown; explicitFileType = undefined; includeInIndex = 0; };
		5FC457601363454E90BC7A83 /* OFL.txt */ = {isa = PBXFileReference; name = "OFL.txt"; path = "../assets/fonts/Inter/OFL.txt"; sourceTree = "<group>"; fileEncoding = undefined; lastKnownFileType = unknown; explicitFileType = undefined; includeInIndex = 0; };
		8BF810E6A9FD4F1882C980B4 /* README.txt */ = {isa = PBXFileReference; name = "README.txt"; path = "../assets/fonts/Inter/README.txt"; sourceTree = "<group>"; fileEncoding = undefined; lastKnownFileType = unknown; explicitFileType = undefined; includeInIndex = 0; };
		4EE402A7589B4FACBC7F8CC9 /* KCC-Ganpan.otf:Zone.Identifier */ = {isa = PBXFileReference; name = "KCC-Ganpan.otf:Zone.Identifier"; path = "../assets/fonts/KCC-Ganpan/KCC-Ganpan.otf:Zone.Identifier"; sourceTree = "<group>"; fileEncoding = undefined; lastKnownFileType = unknown; explicitFileType = undefined; includeInIndex = 0; };
		12F57957C5EF4C42941EB536 /* KCC-Ganpan.ttf:Zone.Identifier */ = {isa = PBXFileReference; name = "KCC-Ganpan.ttf:Zone.Identifier"; path = "../assets/fonts/KCC-Ganpan/KCC-Ganpan.ttf:Zone.Identifier"; sourceTree = "<group>"; fileEncoding = undefined; lastKnownFileType = unknown; explicitFileType = undefined; includeInIndex = 0; };
/* End PBXFileReference section */

/* Begin PBXFrameworksBuildPhase section */
		00E356EB1AD99517003FC87E /* Frameworks */ = {
			isa = PBXFrameworksBuildPhase;
			buildActionMask = 2147483647;
			files = (
				7699B88040F8A987B510C191 /* libPods-MyProject2-MyProject2Tests.a in Frameworks */,
			);
			runOnlyForDeploymentPostprocessing = 0;
		};
		13B07F8C1A680F5B00A75B9A /* Frameworks */ = {
			isa = PBXFrameworksBuildPhase;
			buildActionMask = 2147483647;
			files = (
				0C80B921A6F3F58F76C31292 /* libPods-MyProject2.a in Frameworks */,
			);
			runOnlyForDeploymentPostprocessing = 0;
		};
/* End PBXFrameworksBuildPhase section */

/* Begin PBXGroup section */
		00E356EF1AD99517003FC87E /* MyProject2Tests */ = {
			isa = PBXGroup;
			children = (
				00E356F21AD99517003FC87E /* MyProject2Tests.m */,
				00E356F01AD99517003FC87E /* Supporting Files */,
			);
			path = MyProject2Tests;
			sourceTree = "<group>";
		};
		00E356F01AD99517003FC87E /* Supporting Files */ = {
			isa = PBXGroup;
			children = (
				00E356F11AD99517003FC87E /* Info.plist */,
			);
			name = "Supporting Files";
			sourceTree = "<group>";
		};
		13B07FAE1A68108700A75B9A /* MyProject2 */ = {
			isa = PBXGroup;
			children = (
				13B07FAF1A68108700A75B9A /* AppDelegate.h */,
				13B07FB01A68108700A75B9A /* AppDelegate.mm */,
				13B07FB51A68108700A75B9A /* Images.xcassets */,
				13B07FB61A68108700A75B9A /* Info.plist */,
				81AB9BB72411601600AC10FF /* LaunchScreen.storyboard */,
				13B07FB71A68108700A75B9A /* main.m */,
				13B07FB81A68108700A75B9A /* PrivacyInfo.xcprivacy */,
			);
			name = MyProject2;
			sourceTree = "<group>";
		};
		2D16E6871FA4F8E400B85C8A /* Frameworks */ = {
			isa = PBXGroup;
			children = (
				ED297162215061F000B7C4FE /* JavaScriptCore.framework */,
				5DCACB8F33CDC322A6C60F78 /* libPods-MyProject2.a */,
				19F6CBCC0A4E27FBF8BF4A61 /* libPods-MyProject2-MyProject2Tests.a */,
			);
			name = Frameworks;
			sourceTree = "<group>";
		};
		832341AE1AAA6A7D00B99B32 /* Libraries */ = {
			isa = PBXGroup;
			children = (
			);
			name = Libraries;
			sourceTree = "<group>";
		};
		83CBB9F61A601CBA00E9B192 = {
			isa = PBXGroup;
			children = (
				13B07FAE1A68108700A75B9A /* MyProject2 */,
				832341AE1AAA6A7D00B99B32 /* Libraries */,
				00E356EF1AD99517003FC87E /* MyProject2Tests */,
				83CBBA001A601CBA00E9B192 /* Products */,
				2D16E6871FA4F8E400B85C8A /* Frameworks */,
				BBD78D7AC51CEA395F1C20DB /* Pods */,
				1A156E35D7504942A4B6ACA0 /* Resources */,
			);
			indentWidth = 2;
			sourceTree = "<group>";
			tabWidth = 2;
			usesTabs = 0;
		};
		83CBBA001A601CBA00E9B192 /* Products */ = {
			isa = PBXGroup;
			children = (
				13B07F961A680F5B00A75B9A /* MyProject2.app */,
				00E356EE1AD99517003FC87E /* MyProject2Tests.xctest */,
			);
			name = Products;
			sourceTree = "<group>";
		};
		BBD78D7AC51CEA395F1C20DB /* Pods */ = {
			isa = PBXGroup;
			children = (
				3B4392A12AC88292D35C810B /* Pods-MyProject2.debug.xcconfig */,
				5709B34CF0A7D63546082F79 /* Pods-MyProject2.release.xcconfig */,
				5B7EB9410499542E8C5724F5 /* Pods-MyProject2-MyProject2Tests.debug.xcconfig */,
				89C6BE57DB24E9ADA2F236DE /* Pods-MyProject2-MyProject2Tests.release.xcconfig */,
			);
			path = Pods;
			sourceTree = "<group>";
		};
		1A156E35D7504942A4B6ACA0 /* Resources */ = {
			isa = "PBXGroup";
			children = (
				B34521830A544584A2D301F8 /* KCC-Ganpan.otf */,
				43E29263A8734E3CA76C5744 /* Inter-Italic-VariableFont_opsz,wght.ttf */,
				39CC1CAFAB70417186FF40C1 /* Inter-VariableFont_opsz,wght.ttf */,
				4023EDE64DC14E0193B3B912 /* Inter_18pt-Black.ttf */,
				EA07D59595E64F578B4A38F7 /* Inter_18pt-BlackItalic.ttf */,
				86F7A2FF495F416EAD9333C3 /* Inter_18pt-Bold.ttf */,
				5C3EC4535AF34A0293B18162 /* Inter_18pt-BoldItalic.ttf */,
				37DB981C959746DC8A56BC28 /* Inter_18pt-ExtraBold.ttf */,
				85D27A24A50E413AB2EF6693 /* Inter_18pt-ExtraBoldItalic.ttf */,
				56027C0561484F8F9D498309 /* Inter_18pt-ExtraLight.ttf */,
				A6FD17A32A384185AF71F95B /* Inter_18pt-ExtraLightItalic.ttf */,
				BAED42048522414DA23EC232 /* Inter_18pt-Italic.ttf */,
				BBC58D92D50943CBB9156702 /* Inter_18pt-Light.ttf */,
				8BEC6AFC5B324E4D8F64752D /* Inter_18pt-LightItalic.ttf */,
				1471476BEA0045DD938B42C6 /* Inter_18pt-Medium.ttf */,
				602704BAADAC44CA8A5F80E0 /* Inter_18pt-MediumItalic.ttf */,
				C9BE2075FE8C42558F897E2D /* Inter_18pt-Regular.ttf */,
				205A3D375C854A13AB8260FF /* Inter_18pt-SemiBold.ttf */,
				7DF550AAF6AD4F9EAAF4C950 /* Inter_18pt-SemiBoldItalic.ttf */,
				3EE8D6C43ED443E5A6FF4FA1 /* Inter_18pt-Thin.ttf */,
				CED5CDCD900147288513E6AF /* Inter_18pt-ThinItalic.ttf */,
				25C26F4594694EB7BF703393 /* Inter_24pt-Black.ttf */,
				D41070C23ECD4070A6F681FC /* Inter_24pt-BlackItalic.ttf */,
				954AF463C85B4BEFB8E6DC43 /* Inter_24pt-Bold.ttf */,
				4E894477DB9F4B51A6F88C12 /* Inter_24pt-BoldItalic.ttf */,
				C9E05CACAC544753AA4E36E1 /* Inter_24pt-ExtraBold.ttf */,
				995041037B0B412FBB5C231F /* Inter_24pt-ExtraBoldItalic.ttf */,
				BD5198E555DC48CFB0E71898 /* Inter_24pt-ExtraLight.ttf */,
				17434B1BBB4B481FA5A8B54A /* Inter_24pt-ExtraLightItalic.ttf */,
				6453D5C7678347F293CD751E /* Inter_24pt-Italic.ttf */,
				9E207B9213FB4820BDC0DE59 /* Inter_24pt-Light.ttf */,
				B12A5965C8114D27A264A400 /* Inter_24pt-LightItalic.ttf */,
				6352A427FF584E9C9A95356C /* Inter_24pt-Medium.ttf */,
				A0E9F8BC9F8A41C1A6503511 /* Inter_24pt-MediumItalic.ttf */,
				14B7712C399048B6A2CD2660 /* Inter_24pt-Regular.ttf */,
				0ABA657EC41F4DD5B5F131DD /* Inter_24pt-SemiBold.ttf */,
				FEE482A679B84C4AA3071AF4 /* Inter_24pt-SemiBoldItalic.ttf */,
				29DCF3EEDE474520ADEA933B /* Inter_24pt-Thin.ttf */,
				CBF43B60F5C24B6D92C64B1C /* Inter_24pt-ThinItalic.ttf */,
				2F9325177CAE4FB8B7A8E37E /* Inter_28pt-Black.ttf */,
				22DE7F5C758D443EB91C83FE /* Inter_28pt-BlackItalic.ttf */,
				28A4F46C0B354D50AE879C0C /* Inter_28pt-Bold.ttf */,
				5EC2BAA2EB014494BEFB4F42 /* Inter_28pt-BoldItalic.ttf */,
				DD9B74A437A341A7A9216A87 /* Inter_28pt-ExtraBold.ttf */,
				1B683BCB3D7A40F9BF33425E /* Inter_28pt-ExtraBoldItalic.ttf */,
				493E7ECD5EA942CEACA94B75 /* Inter_28pt-ExtraLight.ttf */,
				F5B47005F6144F40A16EBC35 /* Inter_28pt-ExtraLightItalic.ttf */,
				A5C20F2A40FA44D1BE17232D /* Inter_28pt-Italic.ttf */,
				C6171B5D9D1140778AE44291 /* Inter_28pt-Light.ttf */,
				A029D185130F49BCA5D50A95 /* Inter_28pt-LightItalic.ttf */,
				9DF9F98843EC4579AE2CFF97 /* Inter_28pt-Medium.ttf */,
				5EBC0BF9174D40A0B54EB078 /* Inter_28pt-MediumItalic.ttf */,
				BDAE014B79CA430A85150D4D /* Inter_28pt-Regular.ttf */,
				688E58F15A9E4F8585B5C740 /* Inter_28pt-SemiBold.ttf */,
				7443057907714DBBB1739E27 /* Inter_28pt-SemiBoldItalic.ttf */,
				EC81687537644D5BBCEB67E0 /* Inter_28pt-Thin.ttf */,
				ABB4E63DBAC349A9A4ED655A /* Inter_28pt-ThinItalic.ttf */,
				D06AD40367EC42AB98B4B505 /* Jua-Regular.ttf */,
				1B44C9AAA2864106AF9B4F0F /* KCC-Ganpan.ttf */,
				5FC457601363454E90BC7A83 /* OFL.txt */,
				8BF810E6A9FD4F1882C980B4 /* README.txt */,
				4EE402A7589B4FACBC7F8CC9 /* KCC-Ganpan.otf:Zone.Identifier */,
				12F57957C5EF4C42941EB536 /* KCC-Ganpan.ttf:Zone.Identifier */,
			);
			name = Resources;
			sourceTree = "<group>";
			path = "";
		};
/* End PBXGroup section */

/* Begin PBXNativeTarget section */
		00E356ED1AD99517003FC87E /* MyProject2Tests */ = {
			isa = PBXNativeTarget;
			buildConfigurationList = 00E357021AD99517003FC87E /* Build configuration list for PBXNativeTarget "MyProject2Tests" */;
			buildPhases = (
				A55EABD7B0C7F3A422A6CC61 /* [CP] Check Pods Manifest.lock */,
				00E356EA1AD99517003FC87E /* Sources */,
				00E356EB1AD99517003FC87E /* Frameworks */,
				00E356EC1AD99517003FC87E /* Resources */,
				C59DA0FBD6956966B86A3779 /* [CP] Embed Pods Frameworks */,
				F6A41C54EA430FDDC6A6ED99 /* [CP] Copy Pods Resources */,
			);
			buildRules = (
			);
			dependencies = (
				00E356F51AD99517003FC87E /* PBXTargetDependency */,
			);
			name = MyProject2Tests;
			productName = MyProject2Tests;
			productReference = 00E356EE1AD99517003FC87E /* MyProject2Tests.xctest */;
			productType = "com.apple.product-type.bundle.unit-test";
		};
		13B07F861A680F5B00A75B9A /* MyProject2 */ = {
			isa = PBXNativeTarget;
			buildConfigurationList = 13B07F931A680F5B00A75B9A /* Build configuration list for PBXNativeTarget "MyProject2" */;
			buildPhases = (
				C38B50BA6285516D6DCD4F65 /* [CP] Check Pods Manifest.lock */,
				13B07F871A680F5B00A75B9A /* Sources */,
				13B07F8C1A680F5B00A75B9A /* Frameworks */,
				13B07F8E1A680F5B00A75B9A /* Resources */,
				00DD1BFF1BD5951E006B06BC /* Bundle React Native code and images */,
				00EEFC60759A1932668264C0 /* [CP] Embed Pods Frameworks */,
				E235C05ADACE081382539298 /* [CP] Copy Pods Resources */,
			);
			buildRules = (
			);
			dependencies = (
			);
			name = MyProject2;
			productName = MyProject2;
			productReference = 13B07F961A680F5B00A75B9A /* MyProject2.app */;
			productType = "com.apple.product-type.application";
		};
/* End PBXNativeTarget section */

/* Begin PBXProject section */
		83CBB9F71A601CBA00E9B192 /* Project object */ = {
			isa = PBXProject;
			attributes = {
				LastUpgradeCheck = 1210;
				TargetAttributes = {
					00E356ED1AD99517003FC87E = {
						CreatedOnToolsVersion = 6.2;
						TestTargetID = 13B07F861A680F5B00A75B9A;
					};
					13B07F861A680F5B00A75B9A = {
						LastSwiftMigration = 1120;
					};
				};
			};
			buildConfigurationList = 83CBB9FA1A601CBA00E9B192 /* Build configuration list for PBXProject "MyProject2" */;
			compatibilityVersion = "Xcode 12.0";
			developmentRegion = en;
			hasScannedForEncodings = 0;
			knownRegions = (
				en,
				Base,
			);
			mainGroup = 83CBB9F61A601CBA00E9B192;
			productRefGroup = 83CBBA001A601CBA00E9B192 /* Products */;
			projectDirPath = "";
			projectRoot = "";
			targets = (
				13B07F861A680F5B00A75B9A /* MyProject2 */,
				00E356ED1AD99517003FC87E /* MyProject2Tests */,
			);
		};
/* End PBXProject section */

/* Begin PBXResourcesBuildPhase section */
		00E356EC1AD99517003FC87E /* Resources */ = {
			isa = PBXResourcesBuildPhase;
			buildActionMask = 2147483647;
			files = (
			);
			runOnlyForDeploymentPostprocessing = 0;
		};
		13B07F8E1A680F5B00A75B9A /* Resources */ = {
			isa = PBXResourcesBuildPhase;
			buildActionMask = 2147483647;
			files = (
				81AB9BB82411601600AC10FF /* LaunchScreen.storyboard in Resources */,
				13B07FBF1A68108700A75B9A /* Images.xcassets in Resources */,
				880A772C689146F3A0F394B0 /* KCC-Ganpan.otf in Resources */,
				7BEEC7875F464531AB1B6C6B /* Inter-Italic-VariableFont_opsz,wght.ttf in Resources */,
				7897A6C824C0426E8339BEE0 /* Inter-VariableFont_opsz,wght.ttf in Resources */,
				901EA50D353C4396B445C9F5 /* Inter_18pt-Black.ttf in Resources */,
				65993BFB47D748D7A1B1CC23 /* Inter_18pt-BlackItalic.ttf in Resources */,
				6526B128D3AA419DBD51FD9A /* Inter_18pt-Bold.ttf in Resources */,
				135D2747AC00470FA0BF3C86 /* Inter_18pt-BoldItalic.ttf in Resources */,
				42F220E7938641CDA639DE5E /* Inter_18pt-ExtraBold.ttf in Resources */,
				230349A0643C47EBA174A126 /* Inter_18pt-ExtraBoldItalic.ttf in Resources */,
				A509A9BC60FF453C8C7B9852 /* Inter_18pt-ExtraLight.ttf in Resources */,
				95B0807FD6C24985B0E2741A /* Inter_18pt-ExtraLightItalic.ttf in Resources */,
				8945A4A9113A463A9A5E5569 /* Inter_18pt-Italic.ttf in Resources */,
				D155E4FF5BBA4DE395950CD2 /* Inter_18pt-Light.ttf in Resources */,
				5DE0941FB6864793BC4FCFE0 /* Inter_18pt-LightItalic.ttf in Resources */,
				1628E35C57A94BDE9BF32850 /* Inter_18pt-Medium.ttf in Resources */,
				3C1987EF028B48A3901CF231 /* Inter_18pt-MediumItalic.ttf in Resources */,
				107CF8DFF8B74D548BE43F91 /* Inter_18pt-Regular.ttf in Resources */,
				BD30F4FDBC3244CEBE5B903F /* Inter_18pt-SemiBold.ttf in Resources */,
				B6212ABA9EBC425D8EF50F84 /* Inter_18pt-SemiBoldItalic.ttf in Resources */,
				0E38549AFFCD460C8B41CE4E /* Inter_18pt-Thin.ttf in Resources */,
				7E691F41AD764FF3B4BAE590 /* Inter_18pt-ThinItalic.ttf in Resources */,
				C784E367F81E44958EDA3BA2 /* Inter_24pt-Black.ttf in Resources */,
				E9C769B7E26F4766A87ACD0C /* Inter_24pt-BlackItalic.ttf in Resources */,
				F8C3EA6D68714D949B7346DA /* Inter_24pt-Bold.ttf in Resources */,
				0207181E3876456BBB6A3851 /* Inter_24pt-BoldItalic.ttf in Resources */,
				E0195A8D0D054F309A4430DF /* Inter_24pt-ExtraBold.ttf in Resources */,
				9821ED38119747B2A6270174 /* Inter_24pt-ExtraBoldItalic.ttf in Resources */,
				66C5901065314C5FA0776881 /* Inter_24pt-ExtraLight.ttf in Resources */,
				EB3CFE02E1F74A6493295B50 /* Inter_24pt-ExtraLightItalic.ttf in Resources */,
				A9EDAB8AD8024180AE5EF078 /* Inter_24pt-Italic.ttf in Resources */,
				9F9374874C0E40C298B91E42 /* Inter_24pt-Light.ttf in Resources */,
				17017CF4A6A04D128D46331E /* Inter_24pt-LightItalic.ttf in Resources */,
				EA3C3D3346D6470FAB8C1D3C /* Inter_24pt-Medium.ttf in Resources */,
				A404DC913F6E4297B25590B6 /* Inter_24pt-MediumItalic.ttf in Resources */,
				DBA972A392F54FDEBE5BAE1E /* Inter_24pt-Regular.ttf in Resources */,
				D9298A9EC9E1413CA7D7FD03 /* Inter_24pt-SemiBold.ttf in Resources */,
				C2447D95478E4167A20A6C42 /* Inter_24pt-SemiBoldItalic.ttf in Resources */,
				0E22A4119000439F9A565391 /* Inter_24pt-Thin.ttf in Resources */,
				3D82718E00934A15B68133A9 /* Inter_24pt-ThinItalic.ttf in Resources */,
				EAAA091E08A74FE99552DCD6 /* Inter_28pt-Black.ttf in Resources */,
				847854147A5E4D39B346D513 /* Inter_28pt-BlackItalic.ttf in Resources */,
				C33D0ED0BED0435EA780112A /* Inter_28pt-Bold.ttf in Resources */,
				16C45275CECB47E38D2B36C3 /* Inter_28pt-BoldItalic.ttf in Resources */,
				41E1E58A35684FE6923E70EA /* Inter_28pt-ExtraBold.ttf in Resources */,
				F76274E3C58C4916A25E50FB /* Inter_28pt-ExtraBoldItalic.ttf in Resources */,
				4494B386E39548DCA96F1B3C /* Inter_28pt-ExtraLight.ttf in Resources */,
				60FE5B07180C4D918217F574 /* Inter_28pt-ExtraLightItalic.ttf in Resources */,
				4961704DC10A4F21885EDB90 /* Inter_28pt-Italic.ttf in Resources */,
				86E995A71B3044BA9D1F46ED /* Inter_28pt-Light.ttf in Resources */,
				289443A7F3304045B92C77E9 /* Inter_28pt-LightItalic.ttf in Resources */,
				C8E3FE1C4F40453384956558 /* Inter_28pt-Medium.ttf in Resources */,
				9F237B3F331F4D8FA603BF9B /* Inter_28pt-MediumItalic.ttf in Resources */,
				72D0E1E631094B2D8747ECC6 /* Inter_28pt-Regular.ttf in Resources */,
				1508111EC6DB4CFD8CC02EB9 /* Inter_28pt-SemiBold.ttf in Resources */,
				7D6B5AB574444DA9AF8B0C69 /* Inter_28pt-SemiBoldItalic.ttf in Resources */,
				1D6F884D2112419ABEC8E63F /* Inter_28pt-Thin.ttf in Resources */,
				4521E5C35B4C4F4CAA43BD3C /* Inter_28pt-ThinItalic.ttf in Resources */,
				9A39CC0AF03A492CB63FC9D2 /* Jua-Regular.ttf in Resources */,
				14261F45F6814AF5A31C49F9 /* KCC-Ganpan.ttf in Resources */,
				5F5863D55B7E44A2A2678AFC /* OFL.txt in Resources */,
				53518B9334CE4903B16E8D02 /* README.txt in Resources */,
				256AD748BB1241BFBEA7DC30 /* KCC-Ganpan.otf:Zone.Identifier in Resources */,
				9C51A27ACB99495492A278D4 /* KCC-Ganpan.ttf:Zone.Identifier in Resources */,
			);
			runOnlyForDeploymentPostprocessing = 0;
		};
/* End PBXResourcesBuildPhase section */

/* Begin PBXShellScriptBuildPhase section */
		00DD1BFF1BD5951E006B06BC /* Bundle React Native code and images */ = {
			isa = PBXShellScriptBuildPhase;
			buildActionMask = 2147483647;
			files = (
			);
			inputPaths = (
				"$(SRCROOT)/.xcode.env.local",
				"$(SRCROOT)/.xcode.env",
			);
			name = "Bundle React Native code and images";
			outputPaths = (
			);
			runOnlyForDeploymentPostprocessing = 0;
			shellPath = /bin/sh;
			shellScript = "set -e\n\nWITH_ENVIRONMENT=\"$REACT_NATIVE_PATH/scripts/xcode/with-environment.sh\"\nREACT_NATIVE_XCODE=\"$REACT_NATIVE_PATH/scripts/react-native-xcode.sh\"\n\n/bin/sh -c \"$WITH_ENVIRONMENT $REACT_NATIVE_XCODE\"\n";
		};
		00EEFC60759A1932668264C0 /* [CP] Embed Pods Frameworks */ = {
			isa = PBXShellScriptBuildPhase;
			buildActionMask = 2147483647;
			files = (
			);
			inputFileListPaths = (
				"${PODS_ROOT}/Target Support Files/Pods-MyProject2/Pods-MyProject2-frameworks-${CONFIGURATION}-input-files.xcfilelist",
			);
			name = "[CP] Embed Pods Frameworks";
			outputFileListPaths = (
				"${PODS_ROOT}/Target Support Files/Pods-MyProject2/Pods-MyProject2-frameworks-${CONFIGURATION}-output-files.xcfilelist",
			);
			runOnlyForDeploymentPostprocessing = 0;
			shellPath = /bin/sh;
			shellScript = "\"${PODS_ROOT}/Target Support Files/Pods-MyProject2/Pods-MyProject2-frameworks.sh\"\n";
			showEnvVarsInLog = 0;
		};
		A55EABD7B0C7F3A422A6CC61 /* [CP] Check Pods Manifest.lock */ = {
			isa = PBXShellScriptBuildPhase;
			buildActionMask = 2147483647;
			files = (
			);
			inputFileListPaths = (
			);
			inputPaths = (
				"${PODS_PODFILE_DIR_PATH}/Podfile.lock",
				"${PODS_ROOT}/Manifest.lock",
			);
			name = "[CP] Check Pods Manifest.lock";
			outputFileListPaths = (
			);
			outputPaths = (
				"$(DERIVED_FILE_DIR)/Pods-MyProject2-MyProject2Tests-checkManifestLockResult.txt",
			);
			runOnlyForDeploymentPostprocessing = 0;
			shellPath = /bin/sh;
			shellScript = "diff \"${PODS_PODFILE_DIR_PATH}/Podfile.lock\" \"${PODS_ROOT}/Manifest.lock\" > /dev/null\nif [ $? != 0 ] ; then\n    # print error to STDERR\n    echo \"error: The sandbox is not in sync with the Podfile.lock. Run 'pod install' or update your CocoaPods installation.\" >&2\n    exit 1\nfi\n# This output is used by Xcode 'outputs' to avoid re-running this script phase.\necho \"SUCCESS\" > \"${SCRIPT_OUTPUT_FILE_0}\"\n";
			showEnvVarsInLog = 0;
		};
		C38B50BA6285516D6DCD4F65 /* [CP] Check Pods Manifest.lock */ = {
			isa = PBXShellScriptBuildPhase;
			buildActionMask = 2147483647;
			files = (
			);
			inputFileListPaths = (
			);
			inputPaths = (
				"${PODS_PODFILE_DIR_PATH}/Podfile.lock",
				"${PODS_ROOT}/Manifest.lock",
			);
			name = "[CP] Check Pods Manifest.lock";
			outputFileListPaths = (
			);
			outputPaths = (
				"$(DERIVED_FILE_DIR)/Pods-MyProject2-checkManifestLockResult.txt",
			);
			runOnlyForDeploymentPostprocessing = 0;
			shellPath = /bin/sh;
			shellScript = "diff \"${PODS_PODFILE_DIR_PATH}/Podfile.lock\" \"${PODS_ROOT}/Manifest.lock\" > /dev/null\nif [ $? != 0 ] ; then\n    # print error to STDERR\n    echo \"error: The sandbox is not in sync with the Podfile.lock. Run 'pod install' or update your CocoaPods installation.\" >&2\n    exit 1\nfi\n# This output is used by Xcode 'outputs' to avoid re-running this script phase.\necho \"SUCCESS\" > \"${SCRIPT_OUTPUT_FILE_0}\"\n";
			showEnvVarsInLog = 0;
		};
		C59DA0FBD6956966B86A3779 /* [CP] Embed Pods Frameworks */ = {
			isa = PBXShellScriptBuildPhase;
			buildActionMask = 2147483647;
			files = (
			);
			inputFileListPaths = (
				"${PODS_ROOT}/Target Support Files/Pods-MyProject2-MyProject2Tests/Pods-MyProject2-MyProject2Tests-frameworks-${CONFIGURATION}-input-files.xcfilelist",
			);
			name = "[CP] Embed Pods Frameworks";
			outputFileListPaths = (
				"${PODS_ROOT}/Target Support Files/Pods-MyProject2-MyProject2Tests/Pods-MyProject2-MyProject2Tests-frameworks-${CONFIGURATION}-output-files.xcfilelist",
			);
			runOnlyForDeploymentPostprocessing = 0;
			shellPath = /bin/sh;
			shellScript = "\"${PODS_ROOT}/Target Support Files/Pods-MyProject2-MyProject2Tests/Pods-MyProject2-MyProject2Tests-frameworks.sh\"\n";
			showEnvVarsInLog = 0;
		};
		E235C05ADACE081382539298 /* [CP] Copy Pods Resources */ = {
			isa = PBXShellScriptBuildPhase;
			buildActionMask = 2147483647;
			files = (
			);
			inputFileListPaths = (
				"${PODS_ROOT}/Target Support Files/Pods-MyProject2/Pods-MyProject2-resources-${CONFIGURATION}-input-files.xcfilelist",
			);
			name = "[CP] Copy Pods Resources";
			outputFileListPaths = (
				"${PODS_ROOT}/Target Support Files/Pods-MyProject2/Pods-MyProject2-resources-${CONFIGURATION}-output-files.xcfilelist",
			);
			runOnlyForDeploymentPostprocessing = 0;
			shellPath = /bin/sh;
			shellScript = "\"${PODS_ROOT}/Target Support Files/Pods-MyProject2/Pods-MyProject2-resources.sh\"\n";
			showEnvVarsInLog = 0;
		};
		F6A41C54EA430FDDC6A6ED99 /* [CP] Copy Pods Resources */ = {
			isa = PBXShellScriptBuildPhase;
			buildActionMask = 2147483647;
			files = (
			);
			inputFileListPaths = (
				"${PODS_ROOT}/Target Support Files/Pods-MyProject2-MyProject2Tests/Pods-MyProject2-MyProject2Tests-resources-${CONFIGURATION}-input-files.xcfilelist",
			);
			name = "[CP] Copy Pods Resources";
			outputFileListPaths = (
				"${PODS_ROOT}/Target Support Files/Pods-MyProject2-MyProject2Tests/Pods-MyProject2-MyProject2Tests-resources-${CONFIGURATION}-output-files.xcfilelist",
			);
			runOnlyForDeploymentPostprocessing = 0;
			shellPath = /bin/sh;
			shellScript = "\"${PODS_ROOT}/Target Support Files/Pods-MyProject2-MyProject2Tests/Pods-MyProject2-MyProject2Tests-resources.sh\"\n";
			showEnvVarsInLog = 0;
		};
/* End PBXShellScriptBuildPhase section */

/* Begin PBXSourcesBuildPhase section */
		00E356EA1AD99517003FC87E /* Sources */ = {
			isa = PBXSourcesBuildPhase;
			buildActionMask = 2147483647;
			files = (
				00E356F31AD99517003FC87E /* MyProject2Tests.m in Sources */,
			);
			runOnlyForDeploymentPostprocessing = 0;
		};
		13B07F871A680F5B00A75B9A /* Sources */ = {
			isa = PBXSourcesBuildPhase;
			buildActionMask = 2147483647;
			files = (
				13B07FBC1A68108700A75B9A /* AppDelegate.mm in Sources */,
				13B07FC11A68108700A75B9A /* main.m in Sources */,
			);
			runOnlyForDeploymentPostprocessing = 0;
		};
/* End PBXSourcesBuildPhase section */

/* Begin PBXTargetDependency section */
		00E356F51AD99517003FC87E /* PBXTargetDependency */ = {
			isa = PBXTargetDependency;
			target = 13B07F861A680F5B00A75B9A /* MyProject2 */;
			targetProxy = 00E356F41AD99517003FC87E /* PBXContainerItemProxy */;
		};
/* End PBXTargetDependency section */

/* Begin XCBuildConfiguration section */
		00E356F61AD99517003FC87E /* Debug */ = {
			isa = XCBuildConfiguration;
			baseConfigurationReference = 5B7EB9410499542E8C5724F5 /* Pods-MyProject2-MyProject2Tests.debug.xcconfig */;
			buildSettings = {
				BUNDLE_LOADER = "$(TEST_HOST)";
				GCC_PREPROCESSOR_DEFINITIONS = (
					"DEBUG=1",
					"$(inherited)",
				);
				INFOPLIST_FILE = MyProject2Tests/Info.plist;
				IPHONEOS_DEPLOYMENT_TARGET = 15.1;
				LD_RUNPATH_SEARCH_PATHS = (
					"$(inherited)",
					"@executable_path/Frameworks",
					"@loader_path/Frameworks",
				);
				OTHER_LDFLAGS = (
					"-ObjC",
					"-lc++",
					"$(inherited)",
				);
				PRODUCT_BUNDLE_IDENTIFIER = "org.reactjs.native.example.$(PRODUCT_NAME:rfc1034identifier)";
				PRODUCT_NAME = "$(TARGET_NAME)";
				TEST_HOST = "$(BUILT_PRODUCTS_DIR)/MyProject2.app/MyProject2";
			};
			name = Debug;
		};
		00E356F71AD99517003FC87E /* Release */ = {
			isa = XCBuildConfiguration;
			baseConfigurationReference = 89C6BE57DB24E9ADA2F236DE /* Pods-MyProject2-MyProject2Tests.release.xcconfig */;
			buildSettings = {
				BUNDLE_LOADER = "$(TEST_HOST)";
				COPY_PHASE_STRIP = NO;
				INFOPLIST_FILE = MyProject2Tests/Info.plist;
				IPHONEOS_DEPLOYMENT_TARGET = 15.1;
				LD_RUNPATH_SEARCH_PATHS = (
					"$(inherited)",
					"@executable_path/Frameworks",
					"@loader_path/Frameworks",
				);
				OTHER_LDFLAGS = (
					"-ObjC",
					"-lc++",
					"$(inherited)",
				);
				PRODUCT_BUNDLE_IDENTIFIER = "org.reactjs.native.example.$(PRODUCT_NAME:rfc1034identifier)";
				PRODUCT_NAME = "$(TARGET_NAME)";
				TEST_HOST = "$(BUILT_PRODUCTS_DIR)/MyProject2.app/MyProject2";
			};
			name = Release;
		};
		13B07F941A680F5B00A75B9A /* Debug */ = {
			isa = XCBuildConfiguration;
			baseConfigurationReference = 3B4392A12AC88292D35C810B /* Pods-MyProject2.debug.xcconfig */;
			buildSettings = {
				ASSETCATALOG_COMPILER_APPICON_NAME = AppIcon;
				CLANG_ENABLE_MODULES = YES;
				CURRENT_PROJECT_VERSION = 1;
				ENABLE_BITCODE = NO;
				INFOPLIST_FILE = MyProject2/Info.plist;
				IPHONEOS_DEPLOYMENT_TARGET = 15.1;
				LD_RUNPATH_SEARCH_PATHS = (
					"$(inherited)",
					"@executable_path/Frameworks",
				);
				MARKETING_VERSION = 1.0;
				OTHER_LDFLAGS = (
					"$(inherited)",
					"-ObjC",
					"-lc++",
				);
				PRODUCT_BUNDLE_IDENTIFIER = "org.reactjs.native.example.$(PRODUCT_NAME:rfc1034identifier)";
				PRODUCT_NAME = MyProject2;
				SWIFT_OPTIMIZATION_LEVEL = "-Onone";
				SWIFT_VERSION = 5.0;
				VERSIONING_SYSTEM = "apple-generic";
			};
			name = Debug;
		};
		13B07F951A680F5B00A75B9A /* Release */ = {
			isa = XCBuildConfiguration;
			baseConfigurationReference = 5709B34CF0A7D63546082F79 /* Pods-MyProject2.release.xcconfig */;
			buildSettings = {
				ASSETCATALOG_COMPILER_APPICON_NAME = AppIcon;
				CLANG_ENABLE_MODULES = YES;
				CURRENT_PROJECT_VERSION = 1;
				INFOPLIST_FILE = MyProject2/Info.plist;
				IPHONEOS_DEPLOYMENT_TARGET = 15.1;
				LD_RUNPATH_SEARCH_PATHS = (
					"$(inherited)",
					"@executable_path/Frameworks",
				);
				MARKETING_VERSION = 1.0;
				OTHER_LDFLAGS = (
					"$(inherited)",
					"-ObjC",
					"-lc++",
				);
				PRODUCT_BUNDLE_IDENTIFIER = "org.reactjs.native.example.$(PRODUCT_NAME:rfc1034identifier)";
				PRODUCT_NAME = MyProject2;
				SWIFT_VERSION = 5.0;
				VERSIONING_SYSTEM = "apple-generic";
			};
			name = Release;
		};
		83CBBA201A601CBA00E9B192 /* Debug */ = {
			isa = XCBuildConfiguration;
			buildSettings = {
				ALWAYS_SEARCH_USER_PATHS = NO;
				CLANG_ANALYZER_LOCALIZABILITY_NONLOCALIZED = YES;
				CLANG_CXX_LANGUAGE_STANDARD = "c++20";
				CLANG_CXX_LIBRARY = "libc++";
				CLANG_ENABLE_MODULES = YES;
				CLANG_ENABLE_OBJC_ARC = YES;
				CLANG_WARN_BLOCK_CAPTURE_AUTORELEASING = YES;
				CLANG_WARN_BOOL_CONVERSION = YES;
				CLANG_WARN_COMMA = YES;
				CLANG_WARN_CONSTANT_CONVERSION = YES;
				CLANG_WARN_DEPRECATED_OBJC_IMPLEMENTATIONS = YES;
				CLANG_WARN_DIRECT_OBJC_ISA_USAGE = YES_ERROR;
				CLANG_WARN_EMPTY_BODY = YES;
				CLANG_WARN_ENUM_CONVERSION = YES;
				CLANG_WARN_INFINITE_RECURSION = YES;
				CLANG_WARN_INT_CONVERSION = YES;
				CLANG_WARN_NON_LITERAL_NULL_CONVERSION = YES;
				CLANG_WARN_OBJC_IMPLICIT_RETAIN_SELF = YES;
				CLANG_WARN_OBJC_LITERAL_CONVERSION = YES;
				CLANG_WARN_OBJC_ROOT_CLASS = YES_ERROR;
				CLANG_WARN_QUOTED_INCLUDE_IN_FRAMEWORK_HEADER = YES;
				CLANG_WARN_RANGE_LOOP_ANALYSIS = YES;
				CLANG_WARN_STRICT_PROTOTYPES = YES;
				CLANG_WARN_SUSPICIOUS_MOVE = YES;
				CLANG_WARN_UNREACHABLE_CODE = YES;
				CLANG_WARN__DUPLICATE_METHOD_MATCH = YES;
				"CODE_SIGN_IDENTITY[sdk=iphoneos*]" = "iPhone Developer";
				COPY_PHASE_STRIP = NO;
				ENABLE_STRICT_OBJC_MSGSEND = YES;
				ENABLE_TESTABILITY = YES;
				"EXCLUDED_ARCHS[sdk=iphonesimulator*]" = "";
				GCC_C_LANGUAGE_STANDARD = gnu99;
				GCC_DYNAMIC_NO_PIC = NO;
				GCC_NO_COMMON_BLOCKS = YES;
				GCC_OPTIMIZATION_LEVEL = 0;
				GCC_PREPROCESSOR_DEFINITIONS = (
					"DEBUG=1",
					"$(inherited)",
				);
				GCC_SYMBOLS_PRIVATE_EXTERN = NO;
				GCC_WARN_64_TO_32_BIT_CONVERSION = YES;
				GCC_WARN_ABOUT_RETURN_TYPE = YES_ERROR;
				GCC_WARN_UNDECLARED_SELECTOR = YES;
				GCC_WARN_UNINITIALIZED_AUTOS = YES_AGGRESSIVE;
				GCC_WARN_UNUSED_FUNCTION = YES;
				GCC_WARN_UNUSED_VARIABLE = YES;
				IPHONEOS_DEPLOYMENT_TARGET = 15.1;
				LD_RUNPATH_SEARCH_PATHS = (
					/usr/lib/swift,
					"$(inherited)",
				);
				LIBRARY_SEARCH_PATHS = (
					"\"$(SDKROOT)/usr/lib/swift\"",
					"\"$(TOOLCHAIN_DIR)/usr/lib/swift/$(PLATFORM_NAME)\"",
					"\"$(inherited)\"",
				);
				MTL_ENABLE_DEBUG_INFO = YES;
				ONLY_ACTIVE_ARCH = YES;
				OTHER_CPLUSPLUSFLAGS = (
					"$(OTHER_CFLAGS)",
					"-DFOLLY_NO_CONFIG",
					"-DFOLLY_MOBILE=1",
					"-DFOLLY_USE_LIBCPP=1",
					"-DFOLLY_CFG_NO_COROUTINES=1",
					"-DFOLLY_HAVE_CLOCK_GETTIME=1",
				);
				SDKROOT = iphoneos;
			};
			name = Debug;
		};
		83CBBA211A601CBA00E9B192 /* Release */ = {
			isa = XCBuildConfiguration;
			buildSettings = {
				ALWAYS_SEARCH_USER_PATHS = NO;
				CLANG_ANALYZER_LOCALIZABILITY_NONLOCALIZED = YES;
				CLANG_CXX_LANGUAGE_STANDARD = "c++20";
				CLANG_CXX_LIBRARY = "libc++";
				CLANG_ENABLE_MODULES = YES;
				CLANG_ENABLE_OBJC_ARC = YES;
				CLANG_WARN_BLOCK_CAPTURE_AUTORELEASING = YES;
				CLANG_WARN_BOOL_CONVERSION = YES;
				CLANG_WARN_COMMA = YES;
				CLANG_WARN_CONSTANT_CONVERSION = YES;
				CLANG_WARN_DEPRECATED_OBJC_IMPLEMENTATIONS = YES;
				CLANG_WARN_DIRECT_OBJC_ISA_USAGE = YES_ERROR;
				CLANG_WARN_EMPTY_BODY = YES;
				CLANG_WARN_ENUM_CONVERSION = YES;
				CLANG_WARN_INFINITE_RECURSION = YES;
				CLANG_WARN_INT_CONVERSION = YES;
				CLANG_WARN_NON_LITERAL_NULL_CONVERSION = YES;
				CLANG_WARN_OBJC_IMPLICIT_RETAIN_SELF = YES;
				CLANG_WARN_OBJC_LITERAL_CONVERSION = YES;
				CLANG_WARN_OBJC_ROOT_CLASS = YES_ERROR;
				CLANG_WARN_QUOTED_INCLUDE_IN_FRAMEWORK_HEADER = YES;
				CLANG_WARN_RANGE_LOOP_ANALYSIS = YES;
				CLANG_WARN_STRICT_PROTOTYPES = YES;
				CLANG_WARN_SUSPICIOUS_MOVE = YES;
				CLANG_WARN_UNREACHABLE_CODE = YES;
				CLANG_WARN__DUPLICATE_METHOD_MATCH = YES;
				"CODE_SIGN_IDENTITY[sdk=iphoneos*]" = "iPhone Developer";
				COPY_PHASE_STRIP = YES;
				ENABLE_NS_ASSERTIONS = NO;
				ENABLE_STRICT_OBJC_MSGSEND = YES;
				"EXCLUDED_ARCHS[sdk=iphonesimulator*]" = "";
				GCC_C_LANGUAGE_STANDARD = gnu99;
				GCC_NO_COMMON_BLOCKS = YES;
				GCC_WARN_64_TO_32_BIT_CONVERSION = YES;
				GCC_WARN_ABOUT_RETURN_TYPE = YES_ERROR;
				GCC_WARN_UNDECLARED_SELECTOR = YES;
				GCC_WARN_UNINITIALIZED_AUTOS = YES_AGGRESSIVE;
				GCC_WARN_UNUSED_FUNCTION = YES;
				GCC_WARN_UNUSED_VARIABLE = YES;
				IPHONEOS_DEPLOYMENT_TARGET = 15.1;
				LD_RUNPATH_SEARCH_PATHS = (
					/usr/lib/swift,
					"$(inherited)",
				);
				LIBRARY_SEARCH_PATHS = (
					"\"$(SDKROOT)/usr/lib/swift\"",
					"\"$(TOOLCHAIN_DIR)/usr/lib/swift/$(PLATFORM_NAME)\"",
					"\"$(inherited)\"",
				);
				MTL_ENABLE_DEBUG_INFO = NO;
				OTHER_CPLUSPLUSFLAGS = (
					"$(OTHER_CFLAGS)",
					"-DFOLLY_NO_CONFIG",
					"-DFOLLY_MOBILE=1",
					"-DFOLLY_USE_LIBCPP=1",
					"-DFOLLY_CFG_NO_COROUTINES=1",
					"-DFOLLY_HAVE_CLOCK_GETTIME=1",
				);
				SDKROOT = iphoneos;
				VALIDATE_PRODUCT = YES;
			};
			name = Release;
		};
/* End XCBuildConfiguration section */

/* Begin XCConfigurationList section */
		00E357021AD99517003FC87E /* Build configuration list for PBXNativeTarget "MyProject2Tests" */ = {
			isa = XCConfigurationList;
			buildConfigurations = (
				00E356F61AD99517003FC87E /* Debug */,
				00E356F71AD99517003FC87E /* Release */,
			);
			defaultConfigurationIsVisible = 0;
			defaultConfigurationName = Release;
		};
		13B07F931A680F5B00A75B9A /* Build configuration list for PBXNativeTarget "MyProject2" */ = {
			isa = XCConfigurationList;
			buildConfigurations = (
				13B07F941A680F5B00A75B9A /* Debug */,
				13B07F951A680F5B00A75B9A /* Release */,
			);
			defaultConfigurationIsVisible = 0;
			defaultConfigurationName = Release;
		};
		83CBB9FA1A601CBA00E9B192 /* Build configuration list for PBXProject "MyProject2" */ = {
			isa = XCConfigurationList;
			buildConfigurations = (
				83CBBA201A601CBA00E9B192 /* Debug */,
				83CBBA211A601CBA00E9B192 /* Release */,
			);
			defaultConfigurationIsVisible = 0;
			defaultConfigurationName = Release;
		};
/* End XCConfigurationList section */
	};
	rootObject = 83CBB9F71A601CBA00E9B192 /* Project object */;
}
